
Microsoft Visual Studio Solution File, Format Version 12.00
# Visual Studio Version 17
VisualStudioVersion = 17.12.35527.113
MinimumVisualStudioVersion = 10.0.40219.1
Project("{FAE04EC0-301F-11D3-BF4B-00C04F79EFBC}") = "Orleans.Pipeline.Client", "src\Orleans.Pipeline.Client\Orleans.Pipeline.Client.csproj", "{BA0D9E74-A95F-412D-9A29-32605BD1D28C}"
EndProject
Project("{FAE04EC0-301F-11D3-BF4B-00C04F79EFBC}") = "Orleans.Pipeline.Shared", "src\Orleans.Pipeline.Shared\Orleans.Pipeline.Shared.csproj", "{5FB038D4-D394-4201-BBC3-F499D92570CB}"
EndProject
Project("{FAE04EC0-301F-11D3-BF4B-00C04F79EFBC}") = "Orleans.Pipeline.Server", "src\Orleans.Pipeline.Server\Orleans.Pipeline.Server.csproj", "{3E0E5A83-CAD5-4769-BD37-4FF2EC00424A}"
EndProject
Project("{2150E333-8FDC-42A3-9474-1A3956D46DE8}") = "Solution Items", "Solution Items", "{2E351288-9672-4F0C-ABEF-40F74C2BD3E5}"
	ProjectSection(SolutionItems) = preProject
		.github\workflows\nuget-preview.yml = .github\workflows\nuget-preview.yml
		.github\workflows\nuget.yml = .github\workflows\nuget.yml
	EndProjectSection
EndProject
Global
	GlobalSection(SolutionConfigurationPlatforms) = preSolution
		Debug|Any CPU = Debug|Any CPU
		Release|Any CPU = Release|Any CPU
	EndGlobalSection
	GlobalSection(ProjectConfigurationPlatforms) = postSolution
		{BA0D9E74-A95F-412D-9A29-32605BD1D28C}.Debug|Any CPU.ActiveCfg = Debug|Any CPU
		{BA0D9E74-A95F-412D-9A29-32605BD1D28C}.Debug|Any CPU.Build.0 = Debug|Any CPU
		{BA0D9E74-A95F-412D-9A29-32605BD1D28C}.Release|Any CPU.ActiveCfg = Release|Any CPU
		{BA0D9E74-A95F-412D-9A29-32605BD1D28C}.Release|Any CPU.Build.0 = Release|Any CPU
		{5FB038D4-D394-4201-BBC3-F499D92570CB}.Debug|Any CPU.ActiveCfg = Debug|Any CPU
		{5FB038D4-D394-4201-BBC3-F499D92570CB}.Debug|Any CPU.Build.0 = Debug|Any CPU
		{5FB038D4-D394-4201-BBC3-F499D92570CB}.Release|Any CPU.ActiveCfg = Release|Any CPU
		{5FB038D4-D394-4201-BBC3-F499D92570CB}.Release|Any CPU.Build.0 = Release|Any CPU
		{3E0E5A83-CAD5-4769-BD37-4FF2EC00424A}.Debug|Any CPU.ActiveCfg = Debug|Any CPU
		{3E0E5A83-CAD5-4769-BD37-4FF2EC00424A}.Debug|Any CPU.Build.0 = Debug|Any CPU
		{3E0E5A83-CAD5-4769-BD37-4FF2EC00424A}.Release|Any CPU.ActiveCfg = Release|Any CPU
		{3E0E5A83-CAD5-4769-BD37-4FF2EC00424A}.Release|Any CPU.Build.0 = Release|Any CPU
	EndGlobalSection
	GlobalSection(SolutionProperties) = preSolution
		HideSolutionNode = FALSE
	EndGlobalSection
EndGlobal
