
Microsoft Visual Studio Solution File, Format Version 12.00
# Visual Studio Version 17
VisualStudioVersion = 17.12.35527.113
MinimumVisualStudioVersion = 10.0.40219.1
Project("{FAE04EC0-301F-11D3-BF4B-00C04F79EFBC}") = "Orleans.Pipe.Silo", "src\Orleans.Pipe.Silo\Orleans.Pipe.Silo.csproj", "{017CBA23-E7F4-4852-98FD-7E032F809EA6}"
EndProject
Project("{FAE04EC0-301F-11D3-BF4B-00C04F79EFBC}") = "Orleans.Pipe.Client", "src\Orleans.Pipe.Client\Orleans.Pipe.Client.csproj", "{6D5E4D43-32F0-413E-B96F-9F0A2FE2A905}"
EndProject
Project("{2150E333-8FDC-42A3-9474-1A3956D46DE8}") = "01_Lib", "01_Lib", "{D5845159-1AA8-46A8-BAE7-81459E03B8AC}"
EndProject
Project("{2150E333-8FDC-42A3-9474-1A3956D46DE8}") = "07_Testers", "07_Testers", "{1BDEC5C0-1B67-493C-9423-F3D0A8A0CF90}"
EndProject
Project("{2150E333-8FDC-42A3-9474-1A3956D46DE8}") = "09_Unittests", "09_Unittests", "{2C7A4F98-B28B-4E8C-A3E1-B32AE8F8A738}"
EndProject
Project("{2150E333-8FDC-42A3-9474-1A3956D46DE8}") = "Client", "Client", "{7FE5036C-D26E-46B1-A839-E5FBBB95E664}"
EndProject
Project("{2150E333-8FDC-42A3-9474-1A3956D46DE8}") = "Silo", "Silo", "{4F4B5949-35E3-4C9C-B7CC-B4BBB57B7D74}"
EndProject
Project("{2150E333-8FDC-42A3-9474-1A3956D46DE8}") = "Shared", "Shared", "{4FC97AF5-A084-41A7-9E90-E55E43AE6895}"
EndProject
Project("{FAE04EC0-301F-11D3-BF4B-00C04F79EFBC}") = "Orleans.Pipeline.Client", "src\Orleans.Pipeline.Client\Orleans.Pipeline.Client.csproj", "{BA0D9E74-A95F-412D-9A29-32605BD1D28C}"
EndProject
Project("{FAE04EC0-301F-11D3-BF4B-00C04F79EFBC}") = "Orleans.Pipeline.Shared", "src\Orleans.Pipeline.Shared\Orleans.Pipeline.Shared.csproj", "{5FB038D4-D394-4201-BBC3-F499D92570CB}"
EndProject
Project("{FAE04EC0-301F-11D3-BF4B-00C04F79EFBC}") = "Orleans.Pipeline.Server", "src\Orleans.Pipeline.Server\Orleans.Pipeline.Server.csproj", "{3E0E5A83-CAD5-4769-BD37-4FF2EC00424A}"
EndProject
Project("{FAE04EC0-301F-11D3-BF4B-00C04F79EFBC}") = "Orleans.Pipe.Contract", "src\Orleans.Pipe.Contract\Orleans.Pipe.Contract.csproj", "{C741B19A-A9A7-458C-ABE7-3245161FF189}"
EndProject
Global
	GlobalSection(SolutionConfigurationPlatforms) = preSolution
		Debug|Any CPU = Debug|Any CPU
		Release|Any CPU = Release|Any CPU
	EndGlobalSection
	GlobalSection(ProjectConfigurationPlatforms) = postSolution
		{017CBA23-E7F4-4852-98FD-7E032F809EA6}.Debug|Any CPU.ActiveCfg = Debug|Any CPU
		{017CBA23-E7F4-4852-98FD-7E032F809EA6}.Debug|Any CPU.Build.0 = Debug|Any CPU
		{017CBA23-E7F4-4852-98FD-7E032F809EA6}.Release|Any CPU.ActiveCfg = Release|Any CPU
		{017CBA23-E7F4-4852-98FD-7E032F809EA6}.Release|Any CPU.Build.0 = Release|Any CPU
		{6D5E4D43-32F0-413E-B96F-9F0A2FE2A905}.Debug|Any CPU.ActiveCfg = Debug|Any CPU
		{6D5E4D43-32F0-413E-B96F-9F0A2FE2A905}.Debug|Any CPU.Build.0 = Debug|Any CPU
		{6D5E4D43-32F0-413E-B96F-9F0A2FE2A905}.Release|Any CPU.ActiveCfg = Release|Any CPU
		{6D5E4D43-32F0-413E-B96F-9F0A2FE2A905}.Release|Any CPU.Build.0 = Release|Any CPU
		{BA0D9E74-A95F-412D-9A29-32605BD1D28C}.Debug|Any CPU.ActiveCfg = Debug|Any CPU
		{BA0D9E74-A95F-412D-9A29-32605BD1D28C}.Debug|Any CPU.Build.0 = Debug|Any CPU
		{BA0D9E74-A95F-412D-9A29-32605BD1D28C}.Release|Any CPU.ActiveCfg = Release|Any CPU
		{BA0D9E74-A95F-412D-9A29-32605BD1D28C}.Release|Any CPU.Build.0 = Release|Any CPU
		{5FB038D4-D394-4201-BBC3-F499D92570CB}.Debug|Any CPU.ActiveCfg = Debug|Any CPU
		{5FB038D4-D394-4201-BBC3-F499D92570CB}.Debug|Any CPU.Build.0 = Debug|Any CPU
		{5FB038D4-D394-4201-BBC3-F499D92570CB}.Release|Any CPU.ActiveCfg = Release|Any CPU
		{5FB038D4-D394-4201-BBC3-F499D92570CB}.Release|Any CPU.Build.0 = Release|Any CPU
		{3E0E5A83-CAD5-4769-BD37-4FF2EC00424A}.Debug|Any CPU.ActiveCfg = Debug|Any CPU
		{3E0E5A83-CAD5-4769-BD37-4FF2EC00424A}.Debug|Any CPU.Build.0 = Debug|Any CPU
		{3E0E5A83-CAD5-4769-BD37-4FF2EC00424A}.Release|Any CPU.ActiveCfg = Release|Any CPU
		{3E0E5A83-CAD5-4769-BD37-4FF2EC00424A}.Release|Any CPU.Build.0 = Release|Any CPU
		{C741B19A-A9A7-458C-ABE7-3245161FF189}.Debug|Any CPU.ActiveCfg = Debug|Any CPU
		{C741B19A-A9A7-458C-ABE7-3245161FF189}.Debug|Any CPU.Build.0 = Debug|Any CPU
		{C741B19A-A9A7-458C-ABE7-3245161FF189}.Release|Any CPU.ActiveCfg = Release|Any CPU
		{C741B19A-A9A7-458C-ABE7-3245161FF189}.Release|Any CPU.Build.0 = Release|Any CPU
	EndGlobalSection
	GlobalSection(SolutionProperties) = preSolution
		HideSolutionNode = FALSE
	EndGlobalSection
	GlobalSection(NestedProjects) = preSolution
		{017CBA23-E7F4-4852-98FD-7E032F809EA6} = {4F4B5949-35E3-4C9C-B7CC-B4BBB57B7D74}
		{6D5E4D43-32F0-413E-B96F-9F0A2FE2A905} = {7FE5036C-D26E-46B1-A839-E5FBBB95E664}
		{7FE5036C-D26E-46B1-A839-E5FBBB95E664} = {1BDEC5C0-1B67-493C-9423-F3D0A8A0CF90}
		{4F4B5949-35E3-4C9C-B7CC-B4BBB57B7D74} = {1BDEC5C0-1B67-493C-9423-F3D0A8A0CF90}
		{4FC97AF5-A084-41A7-9E90-E55E43AE6895} = {1BDEC5C0-1B67-493C-9423-F3D0A8A0CF90}
		{BA0D9E74-A95F-412D-9A29-32605BD1D28C} = {D5845159-1AA8-46A8-BAE7-81459E03B8AC}
		{5FB038D4-D394-4201-BBC3-F499D92570CB} = {D5845159-1AA8-46A8-BAE7-81459E03B8AC}
		{3E0E5A83-CAD5-4769-BD37-4FF2EC00424A} = {D5845159-1AA8-46A8-BAE7-81459E03B8AC}
		{C741B19A-A9A7-458C-ABE7-3245161FF189} = {4FC97AF5-A084-41A7-9E90-E55E43AE6895}
	EndGlobalSection
EndGlobal
